// !$*UTF8*$!
{
	archiveVersion = 1;
	classes = {
	};
	objectVersion = 46;
	objects = {

/* Begin PBXBuildFile section */
		FAF531BA1E67C239002760EC /* AppDelegate.swift in Sources */ = {isa = PBXBuildFile; fileRef = FAF531B91E67C239002760EC /* AppDelegate.swift */; };
		FAF531BC1E67C239002760EC /* ViewController.swift in Sources */ = {isa = PBXBuildFile; fileRef = FAF531BB1E67C239002760EC /* ViewController.swift */; };
		FAF531BF1E67C239002760EC /* Main.storyboard in Resources */ = {isa = PBXBuildFile; fileRef = FAF531BD1E67C239002760EC /* Main.storyboard */; };
		FAF531C11E67C239002760EC /* Assets.xcassets in Resources */ = {isa = PBXBuildFile; fileRef = FAF531C01E67C239002760EC /* Assets.xcassets */; };
		FAF531C41E67C239002760EC /* LaunchScreen.storyboard in Resources */ = {isa = PBXBuildFile; fileRef = FAF531C21E67C239002760EC /* LaunchScreen.storyboard */; };
		FAF531CF1E67C239002760EC /* tippyTests.swift in Sources */ = {isa = PBXBuildFile; fileRef = FAF531CE1E67C239002760EC /* tippyTests.swift */; };
		FAF531DA1E67C239002760EC /* tippyUITests.swift in Sources */ = {isa = PBXBuildFile; fileRef = FAF531D91E67C239002760EC /* tippyUITests.swift */; };
		FAF531E81E67E794002760EC /* SettingViewController.swift in Sources */ = {isa = PBXBuildFile; fileRef = FAF531E71E67E794002760EC /* SettingViewController.swift */; };
/* End PBXBuildFile section */

/* Begin PBXContainerItemProxy section */
		FAF531CB1E67C239002760EC /* PBXContainerItemProxy */ = {
			isa = PBXContainerItemProxy;
			containerPortal = FAF531AE1E67C239002760EC /* Project object */;
			proxyType = 1;
			remoteGlobalIDString = FAF531B51E67C239002760EC;
			remoteInfo = tippy;
		};
		FAF531D61E67C239002760EC /* PBXContainerItemProxy */ = {
			isa = PBXContainerItemProxy;
			containerPortal = FAF531AE1E67C239002760EC /* Project object */;
			proxyType = 1;
			remoteGlobalIDString = FAF531B51E67C239002760EC;
			remoteInfo = tippy;
		};
/* End PBXContainerItemProxy section */

/* Begin PBXFileReference section */
		FAF531B61E67C239002760EC /* tippy.app */ = {isa = PBXFileReference; explicitFileType = wrapper.application; includeInIndex = 0; path = tippy.app; sourceTree = BUILT_PRODUCTS_DIR; };
		FAF531B91E67C239002760EC /* AppDelegate.swift */ = {isa = PBXFileReference; lastKnownFileType = sourcecode.swift; path = AppDelegate.swift; sourceTree = "<group>"; };
		FAF531BB1E67C239002760EC /* ViewController.swift */ = {isa = PBXFileReference; lastKnownFileType = sourcecode.swift; path = ViewController.swift; sourceTree = "<group>"; };
		FAF531BE1E67C239002760EC /* Base */ = {isa = PBXFileReference; lastKnownFileType = file.storyboard; name = Base; path = Base.lproj/Main.storyboard; sourceTree = "<group>"; };
		FAF531C01E67C239002760EC /* Assets.xcassets */ = {isa = PBXFileReference; lastKnownFileType = folder.assetcatalog; path = Assets.xcassets; sourceTree = "<group>"; };
		FAF531C31E67C239002760EC /* Base */ = {isa = PBXFileReference; lastKnownFileType = file.storyboard; name = Base; path = Base.lproj/LaunchScreen.storyboard; sourceTree = "<group>"; };
		FAF531C51E67C239002760EC /* Info.plist */ = {isa = PBXFileReference; lastKnownFileType = text.plist.xml; path = Info.plist; sourceTree = "<group>"; };
		FAF531CA1E67C239002760EC /* tippyTests.xctest */ = {isa = PBXFileReference; explicitFileType = wrapper.cfbundle; includeInIndex = 0; path = tippyTests.xctest; sourceTree = BUILT_PRODUCTS_DIR; };
		FAF531CE1E67C239002760EC /* tippyTests.swift */ = {isa = PBXFileReference; lastKnownFileType = sourcecode.swift; path = tippyTests.swift; sourceTree = "<group>"; };
		FAF531D01E67C239002760EC /* Info.plist */ = {isa = PBXFileReference; lastKnownFileType = text.plist.xml; path = Info.plist; sourceTree = "<group>"; };
		FAF531D51E67C239002760EC /* tippyUITests.xctest */ = {isa = PBXFileReference; explicitFileType = wrapper.cfbundle; includeInIndex = 0; path = tippyUITests.xctest; sourceTree = BUILT_PRODUCTS_DIR; };
		FAF531D91E67C239002760EC /* tippyUITests.swift */ = {isa = PBXFileReference; lastKnownFileType = sourcecode.swift; path = tippyUITests.swift; sourceTree = "<group>"; };
		FAF531DB1E67C239002760EC /* Info.plist */ = {isa = PBXFileReference; lastKnownFileType = text.plist.xml; path = Info.plist; sourceTree = "<group>"; };
		FAF531E71E67E794002760EC /* SettingViewController.swift */ = {isa = PBXFileReference; fileEncoding = 4; lastKnownFileType = sourcecode.swift; path = SettingViewController.swift; sourceTree = "<group>"; };
/* End PBXFileReference section */

/* Begin PBXFrameworksBuildPhase section */
		FAF531B31E67C239002760EC /* Frameworks */ = {
			isa = PBXFrameworksBuildPhase;
			buildActionMask = 2147483647;
			files = (
			);
			runOnlyForDeploymentPostprocessing = 0;
		};
		FAF531C71E67C239002760EC /* Frameworks */ = {
			isa = PBXFrameworksBuildPhase;
			buildActionMask = 2147483647;
			files = (
			);
			runOnlyForDeploymentPostprocessing = 0;
		};
		FAF531D21E67C239002760EC /* Frameworks */ = {
			isa = PBXFrameworksBuildPhase;
			buildActionMask = 2147483647;
			files = (
			);
			runOnlyForDeploymentPostprocessing = 0;
		};
/* End PBXFrameworksBuildPhase section */

/* Begin PBXGroup section */
		FAF531AD1E67C239002760EC = {
			isa = PBXGroup;
			children = (
				FAF531B81E67C239002760EC /* tippy */,
				FAF531CD1E67C239002760EC /* tippyTests */,
				FAF531D81E67C239002760EC /* tippyUITests */,
				FAF531B71E67C239002760EC /* Products */,
			);
			sourceTree = "<group>";
		};
		FAF531B71E67C239002760EC /* Products */ = {
			isa = PBXGroup;
			children = (
				FAF531B61E67C239002760EC /* tippy.app */,
				FAF531CA1E67C239002760EC /* tippyTests.xctest */,
				FAF531D51E67C239002760EC /* tippyUITests.xctest */,
			);
			name = Products;
			sourceTree = "<group>";
		};
		FAF531B81E67C239002760EC /* tippy */ = {
			isa = PBXGroup;
			children = (
				FAF531B91E67C239002760EC /* AppDelegate.swift */,
				FAF531BB1E67C239002760EC /* ViewController.swift */,
				FAF531BD1E67C239002760EC /* Main.storyboard */,
				FAF531E71E67E794002760EC /* SettingViewController.swift */,
				FAF531C01E67C239002760EC /* Assets.xcassets */,
				FAF531C21E67C239002760EC /* LaunchScreen.storyboard */,
				FAF531C51E67C239002760EC /* Info.plist */,
			);
			path = tippy;
			sourceTree = "<group>";
		};
		FAF531CD1E67C239002760EC /* tippyTests */ = {
			isa = PBXGroup;
			children = (
				FAF531CE1E67C239002760EC /* tippyTests.swift */,
				FAF531D01E67C239002760EC /* Info.plist */,
			);
			path = tippyTests;
			sourceTree = "<group>";
		};
		FAF531D81E67C239002760EC /* tippyUITests */ = {
			isa = PBXGroup;
			children = (
				FAF531D91E67C239002760EC /* tippyUITests.swift */,
				FAF531DB1E67C239002760EC /* Info.plist */,
			);
			path = tippyUITests;
			sourceTree = "<group>";
		};
/* End PBXGroup section */

/* Begin PBXNativeTarget section */
		FAF531B51E67C239002760EC /* tippy */ = {
			isa = PBXNativeTarget;
			buildConfigurationList = FAF531DE1E67C239002760EC /* Build configuration list for PBXNativeTarget "tippy" */;
			buildPhases = (
				FAF531B21E67C239002760EC /* Sources */,
				FAF531B31E67C239002760EC /* Frameworks */,
				FAF531B41E67C239002760EC /* Resources */,
			);
			buildRules = (
			);
			dependencies = (
			);
			name = tippy;
			productName = tippy;
			productReference = FAF531B61E67C239002760EC /* tippy.app */;
			productType = "com.apple.product-type.application";
		};
		FAF531C91E67C239002760EC /* tippyTests */ = {
			isa = PBXNativeTarget;
			buildConfigurationList = FAF531E11E67C239002760EC /* Build configuration list for PBXNativeTarget "tippyTests" */;
			buildPhases = (
				FAF531C61E67C239002760EC /* Sources */,
				FAF531C71E67C239002760EC /* Frameworks */,
				FAF531C81E67C239002760EC /* Resources */,
			);
			buildRules = (
			);
			dependencies = (
				FAF531CC1E67C239002760EC /* PBXTargetDependency */,
			);
			name = tippyTests;
			productName = tippyTests;
			productReference = FAF531CA1E67C239002760EC /* tippyTests.xctest */;
			productType = "com.apple.product-type.bundle.unit-test";
		};
		FAF531D41E67C239002760EC /* tippyUITests */ = {
			isa = PBXNativeTarget;
			buildConfigurationList = FAF531E41E67C239002760EC /* Build configuration list for PBXNativeTarget "tippyUITests" */;
			buildPhases = (
				FAF531D11E67C239002760EC /* Sources */,
				FAF531D21E67C239002760EC /* Frameworks */,
				FAF531D31E67C239002760EC /* Resources */,
			);
			buildRules = (
			);
			dependencies = (
				FAF531D71E67C239002760EC /* PBXTargetDependency */,
			);
			name = tippyUITests;
			productName = tippyUITests;
			productReference = FAF531D51E67C239002760EC /* tippyUITests.xctest */;
			productType = "com.apple.product-type.bundle.ui-testing";
		};
/* End PBXNativeTarget section */

/* Begin PBXProject section */
		FAF531AE1E67C239002760EC /* Project object */ = {
			isa = PBXProject;
			attributes = {
				LastSwiftUpdateCheck = 0820;
				LastUpgradeCheck = 0820;
				ORGANIZATIONNAME = "Alex Wang";
				TargetAttributes = {
					FAF531B51E67C239002760EC = {
						CreatedOnToolsVersion = 8.2.1;
						ProvisioningStyle = Automatic;
					};
					FAF531C91E67C239002760EC = {
						CreatedOnToolsVersion = 8.2.1;
						ProvisioningStyle = Automatic;
						TestTargetID = FAF531B51E67C239002760EC;
					};
					FAF531D41E67C239002760EC = {
						CreatedOnToolsVersion = 8.2.1;
						ProvisioningStyle = Automatic;
						TestTargetID = FAF531B51E67C239002760EC;
					};
				};
			};
			buildConfigurationList = FAF531B11E67C239002760EC /* Build configuration list for PBXProject "tippy" */;
			compatibilityVersion = "Xcode 3.2";
			developmentRegion = English;
			hasScannedForEncodings = 0;
			knownRegions = (
				en,
				Base,
			);
			mainGroup = FAF531AD1E67C239002760EC;
			productRefGroup = FAF531B71E67C239002760EC /* Products */;
			projectDirPath = "";
			projectRoot = "";
			targets = (
				FAF531B51E67C239002760EC /* tippy */,
				FAF531C91E67C239002760EC /* tippyTests */,
				FAF531D41E67C239002760EC /* tippyUITests */,
			);
		};
/* End PBXProject section */

/* Begin PBXResourcesBuildPhase section */
		FAF531B41E67C239002760EC /* Resources */ = {
			isa = PBXResourcesBuildPhase;
			buildActionMask = 2147483647;
			files = (
				FAF531C41E67C239002760EC /* LaunchScreen.storyboard in Resources */,
				FAF531C11E67C239002760EC /* Assets.xcassets in Resources */,
				FAF531BF1E67C239002760EC /* Main.storyboard in Resources */,
			);
			runOnlyForDeploymentPostprocessing = 0;
		};
		FAF531C81E67C239002760EC /* Resources */ = {
			isa = PBXResourcesBuildPhase;
			buildActionMask = 2147483647;
			files = (
			);
			runOnlyForDeploymentPostprocessing = 0;
		};
		FAF531D31E67C239002760EC /* Resources */ = {
			isa = PBXResourcesBuildPhase;
			buildActionMask = 2147483647;
			files = (
			);
			runOnlyForDeploymentPostprocessing = 0;
		};
/* End PBXResourcesBuildPhase section */

/* Begin PBXSourcesBuildPhase section */
		FAF531B21E67C239002760EC /* Sources */ = {
			isa = PBXSourcesBuildPhase;
			buildActionMask = 2147483647;
			files = (
				FAF531BC1E67C239002760EC /* ViewController.swift in Sources */,
				FAF531BA1E67C239002760EC /* AppDelegate.swift in Sources */,
				FAF531E81E67E794002760EC /* SettingViewController.swift in Sources */,
			);
			runOnlyForDeploymentPostprocessing = 0;
		};
		FAF531C61E67C239002760EC /* Sources */ = {
			isa = PBXSourcesBuildPhase;
			buildActionMask = 2147483647;
			files = (
				FAF531CF1E67C239002760EC /* tippyTests.swift in Sources */,
			);
			runOnlyForDeploymentPostprocessing = 0;
		};
		FAF531D11E67C239002760EC /* Sources */ = {
			isa = PBXSourcesBuildPhase;
			buildActionMask = 2147483647;
			files = (
				FAF531DA1E67C239002760EC /* tippyUITests.swift in Sources */,
			);
			runOnlyForDeploymentPostprocessing = 0;
		};
/* End PBXSourcesBuildPhase section */

/* Begin PBXTargetDependency section */
		FAF531CC1E67C239002760EC /* PBXTargetDependency */ = {
			isa = PBXTargetDependency;
			target = FAF531B51E67C239002760EC /* tippy */;
			targetProxy = FAF531CB1E67C239002760EC /* PBXContainerItemProxy */;
		};
		FAF531D71E67C239002760EC /* PBXTargetDependency */ = {
			isa = PBXTargetDependency;
			target = FAF531B51E67C239002760EC /* tippy */;
			targetProxy = FAF531D61E67C239002760EC /* PBXContainerItemProxy */;
		};
/* End PBXTargetDependency section */

/* Begin PBXVariantGroup section */
		FAF531BD1E67C239002760EC /* Main.storyboard */ = {
			isa = PBXVariantGroup;
			children = (
				FAF531BE1E67C239002760EC /* Base */,
			);
			name = Main.storyboard;
			sourceTree = "<group>";
		};
		FAF531C21E67C239002760EC /* LaunchScreen.storyboard */ = {
			isa = PBXVariantGroup;
			children = (
				FAF531C31E67C239002760EC /* Base */,
			);
			name = LaunchScreen.storyboard;
			sourceTree = "<group>";
		};
/* End PBXVariantGroup section */

/* Begin XCBuildConfiguration section */
		FAF531DC1E67C239002760EC /* Debug */ = {
			isa = XCBuildConfiguration;
			buildSettings = {
				ALWAYS_SEARCH_USER_PATHS = NO;
				CLANG_ANALYZER_NONNULL = YES;
				CLANG_CXX_LANGUAGE_STANDARD = "gnu++0x";
				CLANG_CXX_LIBRARY = "libc++";
				CLANG_ENABLE_MODULES = YES;
				CLANG_ENABLE_OBJC_ARC = YES;
				CLANG_WARN_BOOL_CONVERSION = YES;
				CLANG_WARN_CONSTANT_CONVERSION = YES;
				CLANG_WARN_DIRECT_OBJC_ISA_USAGE = YES_ERROR;
				CLANG_WARN_DOCUMENTATION_COMMENTS = YES;
				CLANG_WARN_EMPTY_BODY = YES;
				CLANG_WARN_ENUM_CONVERSION = YES;
				CLANG_WARN_INFINITE_RECURSION = YES;
				CLANG_WARN_INT_CONVERSION = YES;
				CLANG_WARN_OBJC_ROOT_CLASS = YES_ERROR;
				CLANG_WARN_SUSPICIOUS_MOVE = YES;
				CLANG_WARN_UNREACHABLE_CODE = YES;
				CLANG_WARN__DUPLICATE_METHOD_MATCH = YES;
				"CODE_SIGN_IDENTITY[sdk=iphoneos*]" = "iPhone Developer";
				COPY_PHASE_STRIP = NO;
				DEBUG_INFORMATION_FORMAT = dwarf;
				ENABLE_STRICT_OBJC_MSGSEND = YES;
				ENABLE_TESTABILITY = YES;
				GCC_C_LANGUAGE_STANDARD = gnu99;
				GCC_DYNAMIC_NO_PIC = NO;
				GCC_NO_COMMON_BLOCKS = YES;
				GCC_OPTIMIZATION_LEVEL = 0;
				GCC_PREPROCESSOR_DEFINITIONS = (
					"DEBUG=1",
					"$(inherited)",
				);
				GCC_WARN_64_TO_32_BIT_CONVERSION = YES;
				GCC_WARN_ABOUT_RETURN_TYPE = YES_ERROR;
				GCC_WARN_UNDECLARED_SELECTOR = YES;
				GCC_WARN_UNINITIALIZED_AUTOS = YES_AGGRESSIVE;
				GCC_WARN_UNUSED_FUNCTION = YES;
				GCC_WARN_UNUSED_VARIABLE = YES;
				IPHONEOS_DEPLOYMENT_TARGET = 10.2;
				MTL_ENABLE_DEBUG_INFO = YES;
				ONLY_ACTIVE_ARCH = YES;
				SDKROOT = iphoneos;
				SWIFT_ACTIVE_COMPILATION_CONDITIONS = DEBUG;
				SWIFT_OPTIMIZATION_LEVEL = "-Onone";
				TARGETED_DEVICE_FAMILY = "1,2";
			};
			name = Debug;
		};
		FAF531DD1E67C239002760EC /* Release */ = {
			isa = XCBuildConfiguration;
			buildSettings = {
				ALWAYS_SEARCH_USER_PATHS = NO;
				CLANG_ANALYZER_NONNULL = YES;
				CLANG_CXX_LANGUAGE_STANDARD = "gnu++0x";
				CLANG_CXX_LIBRARY = "libc++";
				CLANG_ENABLE_MODULES = YES;
				CLANG_ENABLE_OBJC_ARC = YES;
				CLANG_WARN_BOOL_CONVERSION = YES;
				CLANG_WARN_CONSTANT_CONVERSION = YES;
				CLANG_WARN_DIRECT_OBJC_ISA_USAGE = YES_ERROR;
				CLANG_WARN_DOCUMENTATION_COMMENTS = YES;
				CLANG_WARN_EMPTY_BODY = YES;
				CLANG_WARN_ENUM_CONVERSION = YES;
				CLANG_WARN_INFINITE_RECURSION = YES;
				CLANG_WARN_INT_CONVERSION = YES;
				CLANG_WARN_OBJC_ROOT_CLASS = YES_ERROR;
				CLANG_WARN_SUSPICIOUS_MOVE = YES;
				CLANG_WARN_UNREACHABLE_CODE = YES;
				CLANG_WARN__DUPLICATE_METHOD_MATCH = YES;
				"CODE_SIGN_IDENTITY[sdk=iphoneos*]" = "iPhone Developer";
				COPY_PHASE_STRIP = NO;
				DEBUG_INFORMATION_FORMAT = "dwarf-with-dsym";
				ENABLE_NS_ASSERTIONS = NO;
				ENABLE_STRICT_OBJC_MSGSEND = YES;
				GCC_C_LANGUAGE_STANDARD = gnu99;
				GCC_NO_COMMON_BLOCKS = YES;
				GCC_WARN_64_TO_32_BIT_CONVERSION = YES;
				GCC_WARN_ABOUT_RETURN_TYPE = YES_ERROR;
				GCC_WARN_UNDECLARED_SELECTOR = YES;
				GCC_WARN_UNINITIALIZED_AUTOS = YES_AGGRESSIVE;
				GCC_WARN_UNUSED_FUNCTION = YES;
				GCC_WARN_UNUSED_VARIABLE = YES;
				IPHONEOS_DEPLOYMENT_TARGET = 10.2;
				MTL_ENABLE_DEBUG_INFO = NO;
				SDKROOT = iphoneos;
				SWIFT_OPTIMIZATION_LEVEL = "-Owholemodule";
				TARGETED_DEVICE_FAMILY = "1,2";
				VALIDATE_PRODUCT = YES;
			};
			name = Release;
		};
		FAF531DF1E67C239002760EC /* Debug */ = {
			isa = XCBuildConfiguration;
			buildSettings = {
				ASSETCATALOG_COMPILER_APPICON_NAME = AppIcon;
				INFOPLIST_FILE = tippy/Info.plist;
				LD_RUNPATH_SEARCH_PATHS = "$(inherited) @executable_path/Frameworks";
				PRODUCT_BUNDLE_IDENTIFIER = com.codepath.tippy;
				PRODUCT_NAME = "$(TARGET_NAME)";
				SWIFT_VERSION = 3.0;
			};
			name = Debug;
		};
		FAF531E01E67C239002760EC /* Release */ = {
			isa = XCBuildConfiguration;
			buildSettings = {
				ASSETCATALOG_COMPILER_APPICON_NAME = AppIcon;
				INFOPLIST_FILE = tippy/Info.plist;
				LD_RUNPATH_SEARCH_PATHS = "$(inherited) @executable_path/Frameworks";
				PRODUCT_BUNDLE_IDENTIFIER = com.codepath.tippy;
				PRODUCT_NAME = "$(TARGET_NAME)";
				SWIFT_VERSION = 3.0;
			};
			name = Release;
		};
		FAF531E21E67C239002760EC /* Debug */ = {
			isa = XCBuildConfiguration;
			buildSettings = {
				ALWAYS_EMBED_SWIFT_STANDARD_LIBRARIES = YES;
				BUNDLE_LOADER = "$(TEST_HOST)";
				INFOPLIST_FILE = tippyTests/Info.plist;
				LD_RUNPATH_SEARCH_PATHS = "$(inherited) @executable_path/Frameworks @loader_path/Frameworks";
				PRODUCT_BUNDLE_IDENTIFIER = com.codepath.tippyTests;
				PRODUCT_NAME = "$(TARGET_NAME)";
				SWIFT_VERSION = 3.0;
				TEST_HOST = "$(BUILT_PRODUCTS_DIR)/tippy.app/tippy";
			};
			name = Debug;
		};
		FAF531E31E67C239002760EC /* Release */ = {
			isa = XCBuildConfiguration;
			buildSettings = {
				ALWAYS_EMBED_SWIFT_STANDARD_LIBRARIES = YES;
				BUNDLE_LOADER = "$(TEST_HOST)";
				INFOPLIST_FILE = tippyTests/Info.plist;
				LD_RUNPATH_SEARCH_PATHS = "$(inherited) @executable_path/Frameworks @loader_path/Frameworks";
				PRODUCT_BUNDLE_IDENTIFIER = com.codepath.tippyTests;
				PRODUCT_NAME = "$(TARGET_NAME)";
				SWIFT_VERSION = 3.0;
				TEST_HOST = "$(BUILT_PRODUCTS_DIR)/tippy.app/tippy";
			};
			name = Release;
		};
		FAF531E51E67C239002760EC /* Debug */ = {
			isa = XCBuildConfiguration;
			buildSettings = {
				ALWAYS_EMBED_SWIFT_STANDARD_LIBRARIES = YES;
				INFOPLIST_FILE = tippyUITests/Info.plist;
				LD_RUNPATH_SEARCH_PATHS = "$(inherited) @executable_path/Frameworks @loader_path/Frameworks";
				PRODUCT_BUNDLE_IDENTIFIER = com.codepath.tippyUITests;
				PRODUCT_NAME = "$(TARGET_NAME)";
				SWIFT_VERSION = 3.0;
				TEST_TARGET_NAME = tippy;
			};
			name = Debug;
		};
		FAF531E61E67C239002760EC /* Release */ = {
			isa = XCBuildConfiguration;
			buildSettings = {
				ALWAYS_EMBED_SWIFT_STANDARD_LIBRARIES = YES;
				INFOPLIST_FILE = tippyUITests/Info.plist;
				LD_RUNPATH_SEARCH_PATHS = "$(inherited) @executable_path/Frameworks @loader_path/Frameworks";
				PRODUCT_BUNDLE_IDENTIFIER = com.codepath.tippyUITests;
				PRODUCT_NAME = "$(TARGET_NAME)";
				SWIFT_VERSION = 3.0;
				TEST_TARGET_NAME = tippy;
			};
			name = Release;
		};
/* End XCBuildConfiguration section */

/* Begin XCConfigurationList section */
		FAF531B11E67C239002760EC /* Build configuration list for PBXProject "tippy" */ = {
			isa = XCConfigurationList;
			buildConfigurations = (
				FAF531DC1E67C239002760EC /* Debug */,
				FAF531DD1E67C239002760EC /* Release */,
			);
			defaultConfigurationIsVisible = 0;
			defaultConfigurationName = Release;
		};
		FAF531DE1E67C239002760EC /* Build configuration list for PBXNativeTarget "tippy" */ = {
			isa = XCConfigurationList;
			buildConfigurations = (
				FAF531DF1E67C239002760EC /* Debug */,
				FAF531E01E67C239002760EC /* Release */,
			);
			defaultConfigurationIsVisible = 0;
		};
		FAF531E11E67C239002760EC /* Build configuration list for PBXNativeTarget "tippyTests" */ = {
			isa = XCConfigurationList;
			buildConfigurations = (
				FAF531E21E67C239002760EC /* Debug */,
				FAF531E31E67C239002760EC /* Release */,
			);
			defaultConfigurationIsVisible = 0;
		};
		FAF531E41E67C239002760EC /* Build configuration list for PBXNativeTarget "tippyUITests" */ = {
			isa = XCConfigurationList;
			buildConfigurations = (
				FAF531E51E67C239002760EC /* Debug */,
				FAF531E61E67C239002760EC /* Release */,
			);
			defaultConfigurationIsVisible = 0;
		};
/* End XCConfigurationList section */
	};
	rootObject = FAF531AE1E67C239002760EC /* Project object */;
}
